// !$*UTF8*$!
{
	archiveVersion = 1;
	classes = {
	};
	objectVersion = 77;
	objects = {

/* Begin PBXContainerItemProxy section */
		D5DB9F622D794C79002B520C /* PBXContainerItemProxy */ = {
			isa = PBXContainerItemProxy;
			containerPortal = D5DB9F482D794C78002B520C /* Project object */;
			proxyType = 1;
			remoteGlobalIDString = D5DB9F4F2D794C78002B520C;
			remoteInfo = Dify;
		};
		D5DB9F6C2D794C79002B520C /* PBXContainerItemProxy */ = {
			isa = PBXContainerItemProxy;
			containerPortal = D5DB9F482D794C78002B520C /* Project object */;
			proxyType = 1;
			remoteGlobalIDString = D5DB9F4F2D794C78002B520C;
			remoteInfo = Dify;
		};
/* End PBXContainerItemProxy section */

/* Begin PBXFileReference section */
		D5DB9F502D794C78002B520C /* Dify.app */ = {isa = PBXFileReference; explicitFileType = wrapper.application; includeInIndex = 0; path = Dify.app; sourceTree = BUILT_PRODUCTS_DIR; };
		D5DB9F612D794C79002B520C /* DifyTests.xctest */ = {isa = PBXFileReference; explicitFileType = wrapper.cfbundle; includeInIndex = 0; path = DifyTests.xctest; sourceTree = BUILT_PRODUCTS_DIR; };
		D5DB9F6B2D794C79002B520C /* DifyUITests.xctest */ = {isa = PBXFileReference; explicitFileType = wrapper.cfbundle; includeInIndex = 0; path = DifyUITests.xctest; sourceTree = BUILT_PRODUCTS_DIR; };
/* End PBXFileReference section */

/* Begin PBXFileSystemSynchronizedRootGroup section */
		D5DB9F522D794C78002B520C /* Dify */ = {
			isa = PBXFileSystemSynchronizedRootGroup;
			path = Dify;
			sourceTree = "<group>";
		};
		D5DB9F642D794C79002B520C /* DifyTests */ = {
			isa = PBXFileSystemSynchronizedRootGroup;
			path = DifyTests;
			sourceTree = "<group>";
		};
		D5DB9F6E2D794C79002B520C /* DifyUITests */ = {
			isa = PBXFileSystemSynchronizedRootGroup;
			path = DifyUITests;
			sourceTree = "<group>";
		};
/* End PBXFileSystemSynchronizedRootGroup section */

/* Begin PBXFrameworksBuildPhase section */
		D5DB9F4D2D794C78002B520C /* Frameworks */ = {
			isa = PBXFrameworksBuildPhase;
			buildActionMask = 2147483647;
			files = (
			);
			runOnlyForDeploymentPostprocessing = 0;
		};
		D5DB9F5E2D794C79002B520C /* Frameworks */ = {
			isa = PBXFrameworksBuildPhase;
			buildActionMask = 2147483647;
			files = (
			);
			runOnlyForDeploymentPostprocessing = 0;
		};
		D5DB9F682D794C79002B520C /* Frameworks */ = {
			isa = PBXFrameworksBuildPhase;
			buildActionMask = 2147483647;
			files = (
			);
			runOnlyForDeploymentPostprocessing = 0;
		};
/* End PBXFrameworksBuildPhase section */

/* Begin PBXGroup section */
		D5DB9F472D794C78002B520C = {
			isa = PBXGroup;
			children = (
				D5DB9F522D794C78002B520C /* Dify */,
				D5DB9F642D794C79002B520C /* DifyTests */,
				D5DB9F6E2D794C79002B520C /* DifyUITests */,
				D5DB9F512D794C78002B520C /* Products */,
			);
			sourceTree = "<group>";
		};
		D5DB9F512D794C78002B520C /* Products */ = {
			isa = PBXGroup;
			children = (
				D5DB9F502D794C78002B520C /* Dify.app */,
				D5DB9F612D794C79002B520C /* DifyTests.xctest */,
				D5DB9F6B2D794C79002B520C /* DifyUITests.xctest */,
			);
			name = Products;
			sourceTree = "<group>";
		};
/* End PBXGroup section */

/* Begin PBXNativeTarget section */
		D5DB9F4F2D794C78002B520C /* Dify */ = {
			isa = PBXNativeTarget;
			buildConfigurationList = D5DB9F752D794C79002B520C /* Build configuration list for PBXNativeTarget "Dify" */;
			buildPhases = (
				D5DB9F4C2D794C78002B520C /* Sources */,
				D5DB9F4D2D794C78002B520C /* Frameworks */,
				D5DB9F4E2D794C78002B520C /* Resources */,
			);
			buildRules = (
			);
			dependencies = (
			);
			fileSystemSynchronizedGroups = (
				D5DB9F522D794C78002B520C /* Dify */,
			);
			name = Dify;
			packageProductDependencies = (
			);
			productName = Dify;
			productReference = D5DB9F502D794C78002B520C /* Dify.app */;
			productType = "com.apple.product-type.application";
		};
		D5DB9F602D794C79002B520C /* DifyTests */ = {
			isa = PBXNativeTarget;
			buildConfigurationList = D5DB9F782D794C79002B520C /* Build configuration list for PBXNativeTarget "DifyTests" */;
			buildPhases = (
				D5DB9F5D2D794C79002B520C /* Sources */,
				D5DB9F5E2D794C79002B520C /* Frameworks */,
				D5DB9F5F2D794C79002B520C /* Resources */,
			);
			buildRules = (
			);
			dependencies = (
				D5DB9F632D794C79002B520C /* PBXTargetDependency */,
			);
			fileSystemSynchronizedGroups = (
				D5DB9F642D794C79002B520C /* DifyTests */,
			);
			name = DifyTests;
			packageProductDependencies = (
			);
			productName = DifyTests;
			productReference = D5DB9F612D794C79002B520C /* DifyTests.xctest */;
			productType = "com.apple.product-type.bundle.unit-test";
		};
		D5DB9F6A2D794C79002B520C /* DifyUITests */ = {
			isa = PBXNativeTarget;
			buildConfigurationList = D5DB9F7B2D794C79002B520C /* Build configuration list for PBXNativeTarget "DifyUITests" */;
			buildPhases = (
				D5DB9F672D794C79002B520C /* Sources */,
				D5DB9F682D794C79002B520C /* Frameworks */,
				D5DB9F692D794C79002B520C /* Resources */,
			);
			buildRules = (
			);
			dependencies = (
				D5DB9F6D2D794C79002B520C /* PBXTargetDependency */,
			);
			fileSystemSynchronizedGroups = (
				D5DB9F6E2D794C79002B520C /* DifyUITests */,
			);
			name = DifyUITests;
			packageProductDependencies = (
			);
			productName = DifyUITests;
			productReference = D5DB9F6B2D794C79002B520C /* DifyUITests.xctest */;
			productType = "com.apple.product-type.bundle.ui-testing";
		};
/* End PBXNativeTarget section */

/* Begin PBXProject section */
		D5DB9F482D794C78002B520C /* Project object */ = {
			isa = PBXProject;
			attributes = {
				BuildIndependentTargetsInParallel = 1;
				LastSwiftUpdateCheck = 1600;
				LastUpgradeCheck = 1600;
				TargetAttributes = {
					D5DB9F4F2D794C78002B520C = {
						CreatedOnToolsVersion = 16.0;
					};
					D5DB9F602D794C79002B520C = {
						CreatedOnToolsVersion = 16.0;
						TestTargetID = D5DB9F4F2D794C78002B520C;
					};
					D5DB9F6A2D794C79002B520C = {
						CreatedOnToolsVersion = 16.0;
						TestTargetID = D5DB9F4F2D794C78002B520C;
					};
				};
			};
			buildConfigurationList = D5DB9F4B2D794C78002B520C /* Build configuration list for PBXProject "Dify" */;
			developmentRegion = en;
			hasScannedForEncodings = 0;
			knownRegions = (
				en,
				Base,
			);
			mainGroup = D5DB9F472D794C78002B520C;
			minimizedProjectReferenceProxies = 1;
			preferredProjectObjectVersion = 77;
			productRefGroup = D5DB9F512D794C78002B520C /* Products */;
			projectDirPath = "";
			projectRoot = "";
			targets = (
				D5DB9F4F2D794C78002B520C /* Dify */,
				D5DB9F602D794C79002B520C /* DifyTests */,
				D5DB9F6A2D794C79002B520C /* DifyUITests */,
			);
		};
/* End PBXProject section */

/* Begin PBXResourcesBuildPhase section */
		D5DB9F4E2D794C78002B520C /* Resources */ = {
			isa = PBXResourcesBuildPhase;
			buildActionMask = 2147483647;
			files = (
			);
			runOnlyForDeploymentPostprocessing = 0;
		};
		D5DB9F5F2D794C79002B520C /* Resources */ = {
			isa = PBXResourcesBuildPhase;
			buildActionMask = 2147483647;
			files = (
			);
			runOnlyForDeploymentPostprocessing = 0;
		};
		D5DB9F692D794C79002B520C /* Resources */ = {
			isa = PBXResourcesBuildPhase;
			buildActionMask = 2147483647;
			files = (
			);
			runOnlyForDeploymentPostprocessing = 0;
		};
/* End PBXResourcesBuildPhase section */

/* Begin PBXSourcesBuildPhase section */
		D5DB9F4C2D794C78002B520C /* Sources */ = {
			isa = PBXSourcesBuildPhase;
			buildActionMask = 2147483647;
			files = (
			);
			runOnlyForDeploymentPostprocessing = 0;
		};
		D5DB9F5D2D794C79002B520C /* Sources */ = {
			isa = PBXSourcesBuildPhase;
			buildActionMask = 2147483647;
			files = (
			);
			runOnlyForDeploymentPostprocessing = 0;
		};
		D5DB9F672D794C79002B520C /* Sources */ = {
			isa = PBXSourcesBuildPhase;
			buildActionMask = 2147483647;
			files = (
			);
			runOnlyForDeploymentPostprocessing = 0;
		};
/* End PBXSourcesBuildPhase section */

/* Begin PBXTargetDependency section */
		D5DB9F632D794C79002B520C /* PBXTargetDependency */ = {
			isa = PBXTargetDependency;
			target = D5DB9F4F2D794C78002B520C /* Dify */;
			targetProxy = D5DB9F622D794C79002B520C /* PBXContainerItemProxy */;
		};
		D5DB9F6D2D794C79002B520C /* PBXTargetDependency */ = {
			isa = PBXTargetDependency;
			target = D5DB9F4F2D794C78002B520C /* Dify */;
			targetProxy = D5DB9F6C2D794C79002B520C /* PBXContainerItemProxy */;
		};
/* End PBXTargetDependency section */

/* Begin XCBuildConfiguration section */
		D5DB9F732D794C79002B520C /* Debug */ = {
			isa = XCBuildConfiguration;
			buildSettings = {
				ALWAYS_SEARCH_USER_PATHS = NO;
				ASSETCATALOG_COMPILER_GENERATE_SWIFT_ASSET_SYMBOL_EXTENSIONS = YES;
				CLANG_ANALYZER_NONNULL = YES;
				CLANG_ANALYZER_NUMBER_OBJECT_CONVERSION = YES_AGGRESSIVE;
				CLANG_CXX_LANGUAGE_STANDARD = "gnu++20";
				CLANG_ENABLE_MODULES = YES;
				CLANG_ENABLE_OBJC_ARC = YES;
				CLANG_ENABLE_OBJC_WEAK = YES;
				CLANG_WARN_BLOCK_CAPTURE_AUTORELEASING = YES;
				CLANG_WARN_BOOL_CONVERSION = YES;
				CLANG_WARN_COMMA = YES;
				CLANG_WARN_CONSTANT_CONVERSION = YES;
				CLANG_WARN_DEPRECATED_OBJC_IMPLEMENTATIONS = YES;
				CLANG_WARN_DIRECT_OBJC_ISA_USAGE = YES_ERROR;
				CLANG_WARN_DOCUMENTATION_COMMENTS = YES;
				CLANG_WARN_EMPTY_BODY = YES;
				CLANG_WARN_ENUM_CONVERSION = YES;
				CLANG_WARN_INFINITE_RECURSION = YES;
				CLANG_WARN_INT_CONVERSION = YES;
				CLANG_WARN_NON_LITERAL_NULL_CONVERSION = YES;
				CLANG_WARN_OBJC_IMPLICIT_RETAIN_SELF = YES;
				CLANG_WARN_OBJC_LITERAL_CONVERSION = YES;
				CLANG_WARN_OBJC_ROOT_CLASS = YES_ERROR;
				CLANG_WARN_QUOTED_INCLUDE_IN_FRAMEWORK_HEADER = YES;
				CLANG_WARN_RANGE_LOOP_ANALYSIS = YES;
				CLANG_WARN_STRICT_PROTOTYPES = YES;
				CLANG_WARN_SUSPICIOUS_MOVE = YES;
				CLANG_WARN_UNGUARDED_AVAILABILITY = YES_AGGRESSIVE;
				CLANG_WARN_UNREACHABLE_CODE = YES;
				CLANG_WARN__DUPLICATE_METHOD_MATCH = YES;
				COPY_PHASE_STRIP = NO;
				DEBUG_INFORMATION_FORMAT = dwarf;
				ENABLE_STRICT_OBJC_MSGSEND = YES;
				ENABLE_TESTABILITY = YES;
				ENABLE_USER_SCRIPT_SANDBOXING = YES;
				GCC_C_LANGUAGE_STANDARD = gnu17;
				GCC_DYNAMIC_NO_PIC = NO;
				GCC_NO_COMMON_BLOCKS = YES;
				GCC_OPTIMIZATION_LEVEL = 0;
				GCC_PREPROCESSOR_DEFINITIONS = (
					"DEBUG=1",
					"$(inherited)",
				);
				GCC_WARN_64_TO_32_BIT_CONVERSION = YES;
				GCC_WARN_ABOUT_RETURN_TYPE = YES_ERROR;
				GCC_WARN_UNDECLARED_SELECTOR = YES;
				GCC_WARN_UNINITIALIZED_AUTOS = YES_AGGRESSIVE;
				GCC_WARN_UNUSED_FUNCTION = YES;
				GCC_WARN_UNUSED_VARIABLE = YES;
				LOCALIZATION_PREFERS_STRING_CATALOGS = YES;
				MACOSX_DEPLOYMENT_TARGET = 15.0;
				MTL_ENABLE_DEBUG_INFO = INCLUDE_SOURCE;
				MTL_FAST_MATH = YES;
				ONLY_ACTIVE_ARCH = YES;
				SDKROOT = macosx;
				SWIFT_ACTIVE_COMPILATION_CONDITIONS = "DEBUG $(inherited)";
				SWIFT_OPTIMIZATION_LEVEL = "-Onone";
			};
			name = Debug;
		};
		D5DB9F742D794C79002B520C /* Release */ = {
			isa = XCBuildConfiguration;
			buildSettings = {
				ALWAYS_SEARCH_USER_PATHS = NO;
				ASSETCATALOG_COMPILER_GENERATE_SWIFT_ASSET_SYMBOL_EXTENSIONS = YES;
				CLANG_ANALYZER_NONNULL = YES;
				CLANG_ANALYZER_NUMBER_OBJECT_CONVERSION = YES_AGGRESSIVE;
				CLANG_CXX_LANGUAGE_STANDARD = "gnu++20";
				CLANG_ENABLE_MODULES = YES;
				CLANG_ENABLE_OBJC_ARC = YES;
				CLANG_ENABLE_OBJC_WEAK = YES;
				CLANG_WARN_BLOCK_CAPTURE_AUTORELEASING = YES;
				CLANG_WARN_BOOL_CONVERSION = YES;
				CLANG_WARN_COMMA = YES;
				CLANG_WARN_CONSTANT_CONVERSION = YES;
				CLANG_WARN_DEPRECATED_OBJC_IMPLEMENTATIONS = YES;
				CLANG_WARN_DIRECT_OBJC_ISA_USAGE = YES_ERROR;
				CLANG_WARN_DOCUMENTATION_COMMENTS = YES;
				CLANG_WARN_EMPTY_BODY = YES;
				CLANG_WARN_ENUM_CONVERSION = YES;
				CLANG_WARN_INFINITE_RECURSION = YES;
				CLANG_WARN_INT_CONVERSION = YES;
				CLANG_WARN_NON_LITERAL_NULL_CONVERSION = YES;
				CLANG_WARN_OBJC_IMPLICIT_RETAIN_SELF = YES;
				CLANG_WARN_OBJC_LITERAL_CONVERSION = YES;
				CLANG_WARN_OBJC_ROOT_CLASS = YES_ERROR;
				CLANG_WARN_QUOTED_INCLUDE_IN_FRAMEWORK_HEADER = YES;
				CLANG_WARN_RANGE_LOOP_ANALYSIS = YES;
				CLANG_WARN_STRICT_PROTOTYPES = YES;
				CLANG_WARN_SUSPICIOUS_MOVE = YES;
				CLANG_WARN_UNGUARDED_AVAILABILITY = YES_AGGRESSIVE;
				CLANG_WARN_UNREACHABLE_CODE = YES;
				CLANG_WARN__DUPLICATE_METHOD_MATCH = YES;
				COPY_PHASE_STRIP = NO;
				DEBUG_INFORMATION_FORMAT = "dwarf-with-dsym";
				ENABLE_NS_ASSERTIONS = NO;
				ENABLE_STRICT_OBJC_MSGSEND = YES;
				ENABLE_USER_SCRIPT_SANDBOXING = YES;
				GCC_C_LANGUAGE_STANDARD = gnu17;
				GCC_NO_COMMON_BLOCKS = YES;
				GCC_WARN_64_TO_32_BIT_CONVERSION = YES;
				GCC_WARN_ABOUT_RETURN_TYPE = YES_ERROR;
				GCC_WARN_UNDECLARED_SELECTOR = YES;
				GCC_WARN_UNINITIALIZED_AUTOS = YES_AGGRESSIVE;
				GCC_WARN_UNUSED_FUNCTION = YES;
				GCC_WARN_UNUSED_VARIABLE = YES;
				LOCALIZATION_PREFERS_STRING_CATALOGS = YES;
				MACOSX_DEPLOYMENT_TARGET = 15.0;
				MTL_ENABLE_DEBUG_INFO = NO;
				MTL_FAST_MATH = YES;
				SDKROOT = macosx;
				SWIFT_COMPILATION_MODE = wholemodule;
			};
			name = Release;
		};
		D5DB9F762D794C79002B520C /* Debug */ = {
			isa = XCBuildConfiguration;
			buildSettings = {
				ASSETCATALOG_COMPILER_APPICON_NAME = AppIcon;
				ASSETCATALOG_COMPILER_GLOBAL_ACCENT_COLOR_NAME = AccentColor;
				CODE_SIGN_ENTITLEMENTS = Dify/Dify.entitlements;
				CODE_SIGN_STYLE = Automatic;
				COMBINE_HIDPI_IMAGES = YES;
				CURRENT_PROJECT_VERSION = 1;
				DEVELOPMENT_ASSET_PATHS = "\"Dify/Preview Content\"";
				DEVELOPMENT_TEAM = SMVBX9SZXX;
				ENABLE_HARDENED_RUNTIME = YES;
				ENABLE_PREVIEWS = YES;
				GENERATE_INFOPLIST_FILE = YES;
				INFOPLIST_KEY_NSHumanReadableCopyright = "";
				LD_RUNPATH_SEARCH_PATHS = (
					"$(inherited)",
					"@executable_path/../Frameworks",
				);
				MARKETING_VERSION = 1.0;
				PRODUCT_BUNDLE_IDENTIFIER = com.elise123.chat.Dify;
				PRODUCT_NAME = "$(TARGET_NAME)";
				SWIFT_EMIT_LOC_STRINGS = YES;
				SWIFT_VERSION = 5.0;
			};
			name = Debug;
		};
		D5DB9F772D794C79002B520C /* Release */ = {
			isa = XCBuildConfiguration;
			buildSettings = {
				ASSETCATALOG_COMPILER_APPICON_NAME = AppIcon;
				ASSETCATALOG_COMPILER_GLOBAL_ACCENT_COLOR_NAME = AccentColor;
				CODE_SIGN_ENTITLEMENTS = Dify/Dify.entitlements;
				CODE_SIGN_STYLE = Automatic;
				COMBINE_HIDPI_IMAGES = YES;
				CURRENT_PROJECT_VERSION = 1;
				DEVELOPMENT_ASSET_PATHS = "\"Dify/Preview Content\"";
				DEVELOPMENT_TEAM = SMVBX9SZXX;
				ENABLE_HARDENED_RUNTIME = YES;
				ENABLE_PREVIEWS = YES;
				GENERATE_INFOPLIST_FILE = YES;
				INFOPLIST_KEY_NSHumanReadableCopyright = "";
				LD_RUNPATH_SEARCH_PATHS = (
					"$(inherited)",
					"@executable_path/../Frameworks",
				);
				MARKETING_VERSION = 1.0;
				PRODUCT_BUNDLE_IDENTIFIER = com.elise123.chat.Dify;
				PRODUCT_NAME = "$(TARGET_NAME)";
				SWIFT_EMIT_LOC_STRINGS = YES;
				SWIFT_VERSION = 5.0;
			};
			name = Release;
		};
		D5DB9F792D794C79002B520C /* Debug */ = {
			isa = XCBuildConfiguration;
			buildSettings = {
				BUNDLE_LOADER = "$(TEST_HOST)";
				CODE_SIGN_STYLE = Automatic;
				CURRENT_PROJECT_VERSION = 1;
				DEVELOPMENT_TEAM = SMVBX9SZXX;
				GENERATE_INFOPLIST_FILE = YES;
				MACOSX_DEPLOYMENT_TARGET = 15.0;
				MARKETING_VERSION = 1.0;
				PRODUCT_BUNDLE_IDENTIFIER = com.elise123.chat.DifyTests;
				PRODUCT_NAME = "$(TARGET_NAME)";
				SWIFT_EMIT_LOC_STRINGS = NO;
				SWIFT_VERSION = 5.0;
				TEST_HOST = "$(BUILT_PRODUCTS_DIR)/Dify.app/$(BUNDLE_EXECUTABLE_FOLDER_PATH)/Dify";
			};
			name = Debug;
		};
		D5DB9F7A2D794C79002B520C /* Release */ = {
			isa = XCBuildConfiguration;
			buildSettings = {
				BUNDLE_LOADER = "$(TEST_HOST)";
				CODE_SIGN_STYLE = Automatic;
				CURRENT_PROJECT_VERSION = 1;
				DEVELOPMENT_TEAM = SMVBX9SZXX;
				GENERATE_INFOPLIST_FILE = YES;
				MACOSX_DEPLOYMENT_TARGET = 15.0;
				MARKETING_VERSION = 1.0;
				PRODUCT_BUNDLE_IDENTIFIER = com.elise123.chat.DifyTests;
				PRODUCT_NAME = "$(TARGET_NAME)";
				SWIFT_EMIT_LOC_STRINGS = NO;
				SWIFT_VERSION = 5.0;
				TEST_HOST = "$(BUILT_PRODUCTS_DIR)/Dify.app/$(BUNDLE_EXECUTABLE_FOLDER_PATH)/Dify";
			};
			name = Release;
		};
		D5DB9F7C2D794C79002B520C /* Debug */ = {
			isa = XCBuildConfiguration;
			buildSettings = {
				CODE_SIGN_STYLE = Automatic;
				CURRENT_PROJECT_VERSION = 1;
				DEVELOPMENT_TEAM = SMVBX9SZXX;
				GENERATE_INFOPLIST_FILE = YES;
				MARKETING_VERSION = 1.0;
				PRODUCT_BUNDLE_IDENTIFIER = com.elise123.chat.DifyUITests;
				PRODUCT_NAME = "$(TARGET_NAME)";
				SWIFT_EMIT_LOC_STRINGS = NO;
				SWIFT_VERSION = 5.0;
				TEST_TARGET_NAME = Dify;
			};
			name = Debug;
		};
		D5DB9F7D2D794C79002B520C /* Release */ = {
			isa = XCBuildConfiguration;
			buildSettings = {
				CODE_SIGN_STYLE = Automatic;
				CURRENT_PROJECT_VERSION = 1;
				DEVELOPMENT_TEAM = SMVBX9SZXX;
				GENERATE_INFOPLIST_FILE = YES;
				MARKETING_VERSION = 1.0;
				PRODUCT_BUNDLE_IDENTIFIER = com.elise123.chat.DifyUITests;
				PRODUCT_NAME = "$(TARGET_NAME)";
				SWIFT_EMIT_LOC_STRINGS = NO;
				SWIFT_VERSION = 5.0;
				TEST_TARGET_NAME = Dify;
			};
			name = Release;
		};
/* End XCBuildConfiguration section */

/* Begin XCConfigurationList section */
		D5DB9F4B2D794C78002B520C /* Build configuration list for PBXProject "Dify" */ = {
			isa = XCConfigurationList;
			buildConfigurations = (
				D5DB9F732D794C79002B520C /* Debug */,
				D5DB9F742D794C79002B520C /* Release */,
			);
			defaultConfigurationIsVisible = 0;
			defaultConfigurationName = Release;
		};
		D5DB9F752D794C79002B520C /* Build configuration list for PBXNativeTarget "Dify" */ = {
			isa = XCConfigurationList;
			buildConfigurations = (
				D5DB9F762D794C79002B520C /* Debug */,
				D5DB9F772D794C79002B520C /* Release */,
			);
			defaultConfigurationIsVisible = 0;
			defaultConfigurationName = Release;
		};
		D5DB9F782D794C79002B520C /* Build configuration list for PBXNativeTarget "DifyTests" */ = {
			isa = XCConfigurationList;
			buildConfigurations = (
				D5DB9F792D794C79002B520C /* Debug */,
				D5DB9F7A2D794C79002B520C /* Release */,
			);
			defaultConfigurationIsVisible = 0;
			defaultConfigurationName = Release;
		};
		D5DB9F7B2D794C79002B520C /* Build configuration list for PBXNativeTarget "DifyUITests" */ = {
			isa = XCConfigurationList;
			buildConfigurations = (
				D5DB9F7C2D794C79002B520C /* Debug */,
				D5DB9F7D2D794C79002B520C /* Release */,
			);
			defaultConfigurationIsVisible = 0;
			defaultConfigurationName = Release;
		};
/* End XCConfigurationList section */
	};
	rootObject = D5DB9F482D794C78002B520C /* Project object */;
}
